
Microsoft Visual Studio Solution File, Format Version 10.00
# Visual Studio 2008
Project("{FAE04EC0-301F-11D3-BF4B-00C04F79EFBC}") = "MultipleViewMvcExample", "MultipleViewMvcExample\MultipleViewMvcExample.csproj", "{CAA334F3-39EE-40A9-AF99-52741B241AED}"
EndProject
Global
	GlobalSection(SolutionConfigurationPlatforms) = preSolution
		Debug|Any CPU = Debug|Any CPU
		Release|Any CPU = Release|Any CPU
	EndGlobalSection
	GlobalSection(ProjectConfigurationPlatforms) = postSolution
		{CAA334F3-39EE-40A9-AF99-52741B241AED}.Debug|Any CPU.ActiveCfg = Debug|Any CPU
		{CAA334F3-39EE-40A9-AF99-52741B241AED}.Debug|Any CPU.Build.0 = Debug|Any CPU
		{CAA334F3-39EE-40A9-AF99-52741B241AED}.Release|Any CPU.ActiveCfg = Release|Any CPU
		{CAA334F3-39EE-40A9-AF99-52741B241AED}.Release|Any CPU.Build.0 = Release|Any CPU
	EndGlobalSection
	GlobalSection(SolutionProperties) = preSolution
		HideSolutionNode = FALSE
	EndGlobalSection
EndGlobal
